
Microsoft Visual Studio Solution File, Format Version 12.00
Project("{FAE04EC0-301F-11D3-BF4B-00C04F79EFBC}") = "BigBackpack3", "BigBackpack3\BigBackpack3.csproj", "{DBDD07C9-6828-49C0-A0D2-44D1F4F5C26F}"
EndProject
Global
	GlobalSection(SolutionConfigurationPlatforms) = preSolution
		Debug|Any CPU = Debug|Any CPU
		Release|Any CPU = Release|Any CPU
	EndGlobalSection
	GlobalSection(ProjectConfigurationPlatforms) = postSolution
		{DBDD07C9-6828-49C0-A0D2-44D1F4F5C26F}.Debug|Any CPU.ActiveCfg = Debug|Any CPU
		{DBDD07C9-6828-49C0-A0D2-44D1F4F5C26F}.Debug|Any CPU.Build.0 = Debug|Any CPU
		{DBDD07C9-6828-49C0-A0D2-44D1F4F5C26F}.Release|Any CPU.ActiveCfg = Release|Any CPU
		{DBDD07C9-6828-49C0-A0D2-44D1F4F5C26F}.Release|Any CPU.Build.0 = Release|Any CPU
	EndGlobalSection
EndGlobal
